
Microsoft Visual Studio Solution File, Format Version 12.00
# Visual Studio Version 17
VisualStudioVersion = 17.14.36301.6 d17.14
MinimumVisualStudioVersion = 10.0.40219.1
Project("{FAE04EC0-301F-11D3-BF4B-00C04F79EFBC}") = "StudentAPILayer", "StudentAPILayer.csproj", "{546B9FB1-4236-4FE2-864B-4D8EBFA07837}"
EndProject
Project("{FAE04EC0-301F-11D3-BF4B-00C04F79EFBC}") = "StudentAPIBusniessLayer", "..\StudentAPIBusniessLayer\StudentAPIBusniessLayer.csproj", "{AD2CDF22-FC1C-4220-9FD4-CE26DE95F921}"
EndProject
Project("{FAE04EC0-301F-11D3-BF4B-00C04F79EFBC}") = "StudentAPIDataAccessLayer", "..\StudentAPIDataAccessLayer\StudentAPIDataAccessLayer.csproj", "{89FA85B5-A0AB-4AF1-9BE7-3E72A707F2C9}"
EndProject
Global
	GlobalSection(SolutionConfigurationPlatforms) = preSolution
		Debug|Any CPU = Debug|Any CPU
		Release|Any CPU = Release|Any CPU
	EndGlobalSection
	GlobalSection(ProjectConfigurationPlatforms) = postSolution
		{546B9FB1-4236-4FE2-864B-4D8EBFA07837}.Debug|Any CPU.ActiveCfg = Debug|Any CPU
		{546B9FB1-4236-4FE2-864B-4D8EBFA07837}.Debug|Any CPU.Build.0 = Debug|Any CPU
		{546B9FB1-4236-4FE2-864B-4D8EBFA07837}.Release|Any CPU.ActiveCfg = Release|Any CPU
		{546B9FB1-4236-4FE2-864B-4D8EBFA07837}.Release|Any CPU.Build.0 = Release|Any CPU
		{AD2CDF22-FC1C-4220-9FD4-CE26DE95F921}.Debug|Any CPU.ActiveCfg = Debug|Any CPU
		{AD2CDF22-FC1C-4220-9FD4-CE26DE95F921}.Debug|Any CPU.Build.0 = Debug|Any CPU
		{AD2CDF22-FC1C-4220-9FD4-CE26DE95F921}.Release|Any CPU.ActiveCfg = Release|Any CPU
		{AD2CDF22-FC1C-4220-9FD4-CE26DE95F921}.Release|Any CPU.Build.0 = Release|Any CPU
		{89FA85B5-A0AB-4AF1-9BE7-3E72A707F2C9}.Debug|Any CPU.ActiveCfg = Debug|Any CPU
		{89FA85B5-A0AB-4AF1-9BE7-3E72A707F2C9}.Debug|Any CPU.Build.0 = Debug|Any CPU
		{89FA85B5-A0AB-4AF1-9BE7-3E72A707F2C9}.Release|Any CPU.ActiveCfg = Release|Any CPU
		{89FA85B5-A0AB-4AF1-9BE7-3E72A707F2C9}.Release|Any CPU.Build.0 = Release|Any CPU
	EndGlobalSection
	GlobalSection(SolutionProperties) = preSolution
		HideSolutionNode = FALSE
	EndGlobalSection
	GlobalSection(ExtensibilityGlobals) = postSolution
		SolutionGuid = {EE0A239B-1CC4-41C3-844E-92D895A4213F}
	EndGlobalSection
EndGlobal
