
Microsoft Visual Studio Solution File, Format Version 12.00
# Visual Studio Version 17
VisualStudioVersion = 17.14.36301.6 d17.14
MinimumVisualStudioVersion = 10.0.40219.1
Project("{FAE04EC0-301F-11D3-BF4B-00C04F79EFBC}") = "StudentAPIClient", "StudentAPIClient.csproj", "{FDC84A35-4AC6-4238-933D-2A7BD35200DE}"
EndProject
Global
	GlobalSection(SolutionConfigurationPlatforms) = preSolution
		Debug|Any CPU = Debug|Any CPU
		Release|Any CPU = Release|Any CPU
	EndGlobalSection
	GlobalSection(ProjectConfigurationPlatforms) = postSolution
		{FDC84A35-4AC6-4238-933D-2A7BD35200DE}.Debug|Any CPU.ActiveCfg = Debug|Any CPU
		{FDC84A35-4AC6-4238-933D-2A7BD35200DE}.Debug|Any CPU.Build.0 = Debug|Any CPU
		{FDC84A35-4AC6-4238-933D-2A7BD35200DE}.Release|Any CPU.ActiveCfg = Release|Any CPU
		{FDC84A35-4AC6-4238-933D-2A7BD35200DE}.Release|Any CPU.Build.0 = Release|Any CPU
	EndGlobalSection
	GlobalSection(SolutionProperties) = preSolution
		HideSolutionNode = FALSE
	EndGlobalSection
	GlobalSection(ExtensibilityGlobals) = postSolution
		SolutionGuid = {0F044C91-01BF-4781-8873-1AC881F757CC}
	EndGlobalSection
EndGlobal
